
Microsoft Visual Studio Solution File, Format Version 12.00
# Visual Studio 2012
Project("{FAE04EC0-301F-11D3-BF4B-00C04F79EFBC}") = "Karagulmez.Text.Fuzzy.DefaultProviders", "Karagulmez.Text.Fuzzy.DefaultProviders\Karagulmez.Text.Fuzzy.DefaultProviders.csproj", "{D799E450-3163-4FC6-812E-88A4E850FF75}"
EndProject
Global
	GlobalSection(SolutionConfigurationPlatforms) = preSolution
		Debug|Any CPU = Debug|Any CPU
		Release|Any CPU = Release|Any CPU
	EndGlobalSection
	GlobalSection(ProjectConfigurationPlatforms) = postSolution
		{D799E450-3163-4FC6-812E-88A4E850FF75}.Debug|Any CPU.ActiveCfg = Debug|Any CPU
		{D799E450-3163-4FC6-812E-88A4E850FF75}.Debug|Any CPU.Build.0 = Debug|Any CPU
		{D799E450-3163-4FC6-812E-88A4E850FF75}.Release|Any CPU.ActiveCfg = Release|Any CPU
		{D799E450-3163-4FC6-812E-88A4E850FF75}.Release|Any CPU.Build.0 = Release|Any CPU
	EndGlobalSection
	GlobalSection(SolutionProperties) = preSolution
		HideSolutionNode = FALSE
	EndGlobalSection
EndGlobal
